{
  "name": "stencil-example",
  "version": "0.0.1",
  "lockfileVersion": 1,
  "requires": true,
  "dependencies": {
    "@stencil/core": {
      "version": "1.17.4",
      "resolved": "https://purecloud.jfrog.io/purecloud/api/npm/inin-internal-npm/@stencil/core/-/core-1.17.4.tgz",
      "integrity": "sha1-976xbsszRMgOBT/s4BOuSZrcfFQ=",
      "requires": {
        "typescript": "3.9.7"
      }
    },
    "typescript": {
      "version": "3.9.7",
      "resolved": "https://purecloud.jfrog.io/purecloud/api/npm/inin-internal-npm/typescript/-/typescript-3.9.7.tgz",
      "integrity": "sha1-mNYApevcOPQMsndSLxLcgA6eJfo="
    }
  }
}
